
Microsoft Visual Studio Solution File, Format Version 12.00
# Visual Studio Version 17
VisualStudioVersion = 17.2.32616.157
MinimumVisualStudioVersion = 10.0.40219.1
Project("{FAE04EC0-301F-11D3-BF4B-00C04F79EFBC}") = "WebSiteR", "WebSiteR\WebSiteR.csproj", "{2D3D7DDB-0BA1-4438-9534-967C34AD3D39}"
EndProject
Global
	GlobalSection(SolutionConfigurationPlatforms) = preSolution
		Debug|Any CPU = Debug|Any CPU
		Release|Any CPU = Release|Any CPU
	EndGlobalSection
	GlobalSection(ProjectConfigurationPlatforms) = postSolution
		{2D3D7DDB-0BA1-4438-9534-967C34AD3D39}.Debug|Any CPU.ActiveCfg = Debug|Any CPU
		{2D3D7DDB-0BA1-4438-9534-967C34AD3D39}.Debug|Any CPU.Build.0 = Debug|Any CPU
		{2D3D7DDB-0BA1-4438-9534-967C34AD3D39}.Release|Any CPU.ActiveCfg = Release|Any CPU
		{2D3D7DDB-0BA1-4438-9534-967C34AD3D39}.Release|Any CPU.Build.0 = Release|Any CPU
	EndGlobalSection
	GlobalSection(SolutionProperties) = preSolution
		HideSolutionNode = FALSE
	EndGlobalSection
	GlobalSection(ExtensibilityGlobals) = postSolution
		SolutionGuid = {EA6EB43C-D8BB-4982-B484-A6F634A548F4}
	EndGlobalSection
EndGlobal
